{
  "requires": true,
  "lockfileVersion": 1,
  "dependencies": {
    "@types/angular": {
      "version": "1.6.43",
      "resolved": "https://registry.npmjs.org/@types/angular/-/angular-1.6.43.tgz",
      "integrity": "sha512-3GrHCRZS62ruJjHMtOx3WYsS0I8i0FRcIqOwqIfWXnlR9g2FebEhUNdMk3LZIvfhZ08xe+S1x2iwP1t9vKCHag==",
      "dev": true
    }
  }
}
